
Microsoft Visual Studio Solution File, Format Version 12.00
# Visual Studio Version 17
VisualStudioVersion = 17.4.33213.308
MinimumVisualStudioVersion = 10.0.40219.1
Project("{FAE04EC0-301F-11D3-BF4B-00C04F79EFBC}") = "modul7_kelompok_09", "modul7_kelompok_09.csproj", "{39007860-764F-4FEC-BA5F-76D830F6179D}"
EndProject
Global
	GlobalSection(SolutionConfigurationPlatforms) = preSolution
		Debug|Any CPU = Debug|Any CPU
		Release|Any CPU = Release|Any CPU
	EndGlobalSection
	GlobalSection(ProjectConfigurationPlatforms) = postSolution
		{39007860-764F-4FEC-BA5F-76D830F6179D}.Debug|Any CPU.ActiveCfg = Debug|Any CPU
		{39007860-764F-4FEC-BA5F-76D830F6179D}.Debug|Any CPU.Build.0 = Debug|Any CPU
		{39007860-764F-4FEC-BA5F-76D830F6179D}.Release|Any CPU.ActiveCfg = Release|Any CPU
		{39007860-764F-4FEC-BA5F-76D830F6179D}.Release|Any CPU.Build.0 = Release|Any CPU
	EndGlobalSection
	GlobalSection(SolutionProperties) = preSolution
		HideSolutionNode = FALSE
	EndGlobalSection
	GlobalSection(ExtensibilityGlobals) = postSolution
		SolutionGuid = {EC1C60D4-4DDB-4DB0-890C-6D5CE7332C57}
	EndGlobalSection
EndGlobal
